<?xml version="1.0" encoding="utf-8"?>
<Project ToolsVersion="4.0" xmlns="http://schemas.microsoft.com/developer/msbuild/2003">
  <ItemGroup>
    <Filter Include="Source Files">
      <UniqueIdentifier>{54E719A3-8D44-4D85-B8CE-74D1DCE2EC50}</UniqueIdentifier>
      <Extensions>cpp;c;cxx;def;odl;idl;hpj;bat;asm;asmx</Extensions>
    </Filter>
    <Filter Include="Header Files">
      <UniqueIdentifier>{0FD8FD59-C7AC-43A3-90C4-2D61315487D8}</UniqueIdentifier>
      <Extensions>h;hh;hpp;hxx;hm;inl;inc;xsd</Extensions>
    </Filter>
  </ItemGroup>
  <ItemGroup>
    <ClCompile Include="audio_pipe.cpp">
      <Filter>Source Files</Filter>
    </ClCompile>
    <ClCompile Include="lws_glue.cpp">
      <Filter>Source Files</Filter>
    </ClCompile>
    <ClCompile Include="mod_audio_fork.c">
      <Filter>Source Files</Filter>
    </ClCompile>
    <ClCompile Include="parser.cpp">
      <Filter>Source Files</Filter>
    </ClCompile>
    <ClCompile Include="vector_math.cpp">
      <Filter>Source Files</Filter>
    </ClCompile>
  </ItemGroup>
  <ItemGroup>
    <ClInclude Include="audio_pipe.hpp">
      <Filter>Header Files</Filter>
    </ClInclude>
    <ClInclude Include="base64.hpp">
      <Filter>Header Files</Filter>
    </ClInclude>
    <ClInclude Include="lws_glue.h">
      <Filter>Header Files</Filter>
    </ClInclude>
    <ClInclude Include="mod_audio_fork.h">
      <Filter>Header Files</Filter>
    </ClInclude>
    <ClInclude Include="parser.hpp">
      <Filter>Header Files</Filter>
    </ClInclude>
    <ClInclude Include="vector_math.h">
      <Filter>Header Files</Filter>
    </ClInclude>
  </ItemGroup>
</Project>
